
Microsoft Visual Studio Solution File, Format Version 12.00
# Visual Studio Version 17
VisualStudioVersion = 17.9.34723.18
MinimumVisualStudioVersion = 10.0.40219.1
Project("{9A19103F-16F7-4668-BE54-9A1E7A4F7556}") = "CoffeeStoreApplication", "CoffeeStoreApplication\CoffeeStoreApplication.csproj", "{DC10D5D5-EF50-4A10-A54B-C0B822E0E9A8}"
EndProject
Project("{FAE04EC0-301F-11D3-BF4B-00C04F79EFBC}") = "CoffeeStoreUnitTest", "CoffeeStoreUnitTest\CoffeeStoreUnitTest.csproj", "{49D26D60-DB22-46F9-856D-205B0BB8129B}"
EndProject
Global
	GlobalSection(SolutionConfigurationPlatforms) = preSolution
		Debug|Any CPU = Debug|Any CPU
		Release|Any CPU = Release|Any CPU
	EndGlobalSection
	GlobalSection(ProjectConfigurationPlatforms) = postSolution
		{DC10D5D5-EF50-4A10-A54B-C0B822E0E9A8}.Debug|Any CPU.ActiveCfg = Debug|Any CPU
		{DC10D5D5-EF50-4A10-A54B-C0B822E0E9A8}.Debug|Any CPU.Build.0 = Debug|Any CPU
		{DC10D5D5-EF50-4A10-A54B-C0B822E0E9A8}.Release|Any CPU.ActiveCfg = Release|Any CPU
		{DC10D5D5-EF50-4A10-A54B-C0B822E0E9A8}.Release|Any CPU.Build.0 = Release|Any CPU
	EndGlobalSection
	GlobalSection(SolutionProperties) = preSolution
		HideSolutionNode = FALSE
	EndGlobalSection
	GlobalSection(ExtensibilityGlobals) = postSolution
		SolutionGuid = {A3FAD942-E78E-4D57-8FB2-2299A49DDE74}
	EndGlobalSection
EndGlobal
